{
  "name": "typescript-5i4anz",
  "version": "0.0.0",
  "lockfileVersion": 3,
  "requires": true,
  "packages": {
    "": {
      "name": "typescript-5i4anz",
      "version": "0.0.0",
      "dependencies": {
        "rxjs": "7.0.0-rc.3"
      }
    },
    "node_modules/rxjs": {
      "version": "7.0.0-rc.3",
      "resolved": "https://registry.npmjs.org/rxjs/-/rxjs-7.0.0-rc.3.tgz",
      "integrity": "sha512-++JqnWdy+zKVdbIKHpC2k43Hje64zCiCnK3LjZN8cU4zkPw4GX8QsKCs+J1SY2zU7nlfL5bnXlXx511XX6ed2g==",
      "dependencies": {
        "tslib": "~2.1.0"
      }
    },
    "node_modules/tslib": {
      "version": "2.1.0",
      "resolved": "https://registry.npmjs.org/tslib/-/tslib-2.1.0.tgz",
      "integrity": "sha512-hcVC3wYEziELGGmEEXue7D75zbwIIVUMWAVbHItGPx0ziyXxrOMQx4rQEVEV45Ut/1IotuEvwqPopzIOkDMf0A=="
    }
  }
}
